
Microsoft Visual Studio Solution File, Format Version 12.00
# Visual Studio Version 16
VisualStudioVersion = 16.0.29519.181
MinimumVisualStudioVersion = 10.0.40219.1
Project("{2150E333-8FDC-42A3-9474-1A3956D46DE8}") = "src", "src", "{286E440B-C6D6-4379-8912-F4693BAFF7F8}"
EndProject
Project("{2150E333-8FDC-42A3-9474-1A3956D46DE8}") = "test", "test", "{6F562FF8-607E-4BA9-8227-F2AF6BF67AF1}"
EndProject
Project("{9A19103F-16F7-4668-BE54-9A1E7A4F7556}") = "Client", "src\Client\Client.csproj", "{5C762AB5-0E90-4620-8F13-64EFEEAF3537}"
EndProject
Project("{9A19103F-16F7-4668-BE54-9A1E7A4F7556}") = "Server", "src\Server\Server.csproj", "{91F6978F-FAA5-4860-BC4E-29962982122D}"
EndProject
Project("{D954291E-2A0B-460D-934E-DC6B0785DB48}") = "Shared", "src\Shared\Shared.shproj", "{DAA5DEC2-A1F7-49AD-B4FD-BD631E24AC58}"
EndProject
Project("{9A19103F-16F7-4668-BE54-9A1E7A4F7556}") = "Client.Test", "test\Client.Test\Client.Test.csproj", "{0F202F8F-C848-4502-95B2-A688024CD4F7}"
EndProject
Project("{9A19103F-16F7-4668-BE54-9A1E7A4F7556}") = "Server.Test", "test\Server.Test\Server.Test.csproj", "{C6867282-67B2-4C06-842D-1231B287AD88}"
EndProject
Project("{9A19103F-16F7-4668-BE54-9A1E7A4F7556}") = "Shared.Test", "test\Shared.Test\Shared.Test.csproj", "{0181772D-8283-488D-85E3-0AECFF0894C0}"
EndProject
Global
	GlobalSection(SharedMSBuildProjectFiles) = preSolution
		src\Shared\Shared.projitems*{daa5dec2-a1f7-49ad-b4fd-bd631e24ac58}*SharedItemsImports = 13
	EndGlobalSection
	GlobalSection(SolutionConfigurationPlatforms) = preSolution
		Debug|Any CPU = Debug|Any CPU
		Release|Any CPU = Release|Any CPU
	EndGlobalSection
	GlobalSection(ProjectConfigurationPlatforms) = postSolution
		{5C762AB5-0E90-4620-8F13-64EFEEAF3537}.Debug|Any CPU.ActiveCfg = Debug|Any CPU
		{5C762AB5-0E90-4620-8F13-64EFEEAF3537}.Release|Any CPU.ActiveCfg = Release|Any CPU
		{5C762AB5-0E90-4620-8F13-64EFEEAF3537}.Release|Any CPU.Build.0 = Release|Any CPU
		{91F6978F-FAA5-4860-BC4E-29962982122D}.Debug|Any CPU.ActiveCfg = Debug|Any CPU
		{91F6978F-FAA5-4860-BC4E-29962982122D}.Debug|Any CPU.Build.0 = Debug|Any CPU
		{91F6978F-FAA5-4860-BC4E-29962982122D}.Release|Any CPU.ActiveCfg = Release|Any CPU
		{91F6978F-FAA5-4860-BC4E-29962982122D}.Release|Any CPU.Build.0 = Release|Any CPU
		{0F202F8F-C848-4502-95B2-A688024CD4F7}.Debug|Any CPU.ActiveCfg = Debug|Any CPU
		{0F202F8F-C848-4502-95B2-A688024CD4F7}.Debug|Any CPU.Build.0 = Debug|Any CPU
		{0F202F8F-C848-4502-95B2-A688024CD4F7}.Release|Any CPU.ActiveCfg = Release|Any CPU
		{0F202F8F-C848-4502-95B2-A688024CD4F7}.Release|Any CPU.Build.0 = Release|Any CPU
		{C6867282-67B2-4C06-842D-1231B287AD88}.Debug|Any CPU.ActiveCfg = Debug|Any CPU
		{C6867282-67B2-4C06-842D-1231B287AD88}.Debug|Any CPU.Build.0 = Debug|Any CPU
		{C6867282-67B2-4C06-842D-1231B287AD88}.Release|Any CPU.ActiveCfg = Release|Any CPU
		{C6867282-67B2-4C06-842D-1231B287AD88}.Release|Any CPU.Build.0 = Release|Any CPU
		{0181772D-8283-488D-85E3-0AECFF0894C0}.Debug|Any CPU.ActiveCfg = Debug|Any CPU
		{0181772D-8283-488D-85E3-0AECFF0894C0}.Debug|Any CPU.Build.0 = Debug|Any CPU
		{0181772D-8283-488D-85E3-0AECFF0894C0}.Release|Any CPU.ActiveCfg = Release|Any CPU
		{0181772D-8283-488D-85E3-0AECFF0894C0}.Release|Any CPU.Build.0 = Release|Any CPU
	EndGlobalSection
	GlobalSection(SolutionProperties) = preSolution
		HideSolutionNode = FALSE
	EndGlobalSection
	GlobalSection(NestedProjects) = preSolution
		{5C762AB5-0E90-4620-8F13-64EFEEAF3537} = {286E440B-C6D6-4379-8912-F4693BAFF7F8}
		{91F6978F-FAA5-4860-BC4E-29962982122D} = {286E440B-C6D6-4379-8912-F4693BAFF7F8}
		{DAA5DEC2-A1F7-49AD-B4FD-BD631E24AC58} = {286E440B-C6D6-4379-8912-F4693BAFF7F8}
		{0F202F8F-C848-4502-95B2-A688024CD4F7} = {6F562FF8-607E-4BA9-8227-F2AF6BF67AF1}
		{C6867282-67B2-4C06-842D-1231B287AD88} = {6F562FF8-607E-4BA9-8227-F2AF6BF67AF1}
		{0181772D-8283-488D-85E3-0AECFF0894C0} = {6F562FF8-607E-4BA9-8227-F2AF6BF67AF1}
	EndGlobalSection
	GlobalSection(ExtensibilityGlobals) = postSolution
		SolutionGuid = {C5D26E56-F4A7-44D7-A397-C372EAEFD19B}
	EndGlobalSection
EndGlobal
